
Microsoft Visual Studio Solution File, Format Version 12.00
# Visual Studio Version 17
VisualStudioVersion = 17.3.32922.545
MinimumVisualStudioVersion = 10.0.40219.1
Project("{9A19103F-16F7-4668-BE54-9A1E7A4F7556}") = "FormAssignment", "FormAssignment\FormAssignment.csproj", "{2482CAF0-2790-4D4A-B670-114DC18FB973}"
EndProject
Project("{FAE04EC0-301F-11D3-BF4B-00C04F79EFBC}") = "FormAssignmentTests", "..\FormAssignmentTests\FormAssignmentTests\FormAssignmentTests.csproj", "{9D8A8DBB-1908-4010-A19D-70C6BF647200}"
EndProject
Global
	GlobalSection(SolutionConfigurationPlatforms) = preSolution
		Debug|Any CPU = Debug|Any CPU
		Release|Any CPU = Release|Any CPU
	EndGlobalSection
	GlobalSection(ProjectConfigurationPlatforms) = postSolution
		{2482CAF0-2790-4D4A-B670-114DC18FB973}.Debug|Any CPU.ActiveCfg = Debug|Any CPU
		{2482CAF0-2790-4D4A-B670-114DC18FB973}.Debug|Any CPU.Build.0 = Debug|Any CPU
		{2482CAF0-2790-4D4A-B670-114DC18FB973}.Release|Any CPU.ActiveCfg = Release|Any CPU
		{2482CAF0-2790-4D4A-B670-114DC18FB973}.Release|Any CPU.Build.0 = Release|Any CPU
		{9D8A8DBB-1908-4010-A19D-70C6BF647200}.Debug|Any CPU.ActiveCfg = Debug|Any CPU
		{9D8A8DBB-1908-4010-A19D-70C6BF647200}.Debug|Any CPU.Build.0 = Debug|Any CPU
		{9D8A8DBB-1908-4010-A19D-70C6BF647200}.Release|Any CPU.ActiveCfg = Release|Any CPU
		{9D8A8DBB-1908-4010-A19D-70C6BF647200}.Release|Any CPU.Build.0 = Release|Any CPU
	EndGlobalSection
	GlobalSection(SolutionProperties) = preSolution
		HideSolutionNode = FALSE
	EndGlobalSection
	GlobalSection(ExtensibilityGlobals) = postSolution
		SolutionGuid = {5C83E152-5C42-407D-8F7D-4A22379E5B0A}
	EndGlobalSection
EndGlobal
